
Microsoft Visual Studio Solution File, Format Version 10.00
# Visual Studio 2008
Project("{FAE04EC0-301F-11D3-BF4B-00C04F79EFBC}") = "ProtocolBuffers.Rpc", "src\ProtocolBuffers.Rpc\ProtocolBuffers.Rpc.csproj", "{C908BDCE-D925-43F3-94AC-A531E6DF2591}"
EndProject
Project("{FAE04EC0-301F-11D3-BF4B-00C04F79EFBC}") = "ProtocolBuffers.Rpc.Test", "src\ProtocolBuffers.Rpc.Test\ProtocolBuffers.Rpc.Test.csproj", "{DD01ED24-3750-4567-9A23-EEB676A15610}"
EndProject
Project("{FAE04EC0-301F-11D3-BF4B-00C04F79EFBC}") = "ProtocolBuffers.Rpc.Benchmarks", "src\ProtocolBuffers.Rpc.Benchmarks\ProtocolBuffers.Rpc.Benchmarks.csproj", "{0DE53AE9-69F7-497B-BD6B-1855626F05DC}"
EndProject
Project("{FAE04EC0-301F-11D3-BF4B-00C04F79EFBC}") = "ProtocolBuffersLite.Rpc", "src\ProtocolBuffers.Rpc\ProtocolBuffersLite.Rpc.csproj", "{DEF8BDCE-D925-43F3-94AC-A531E6DF2591}"
EndProject
Global
	GlobalSection(SolutionConfigurationPlatforms) = preSolution
		Debug|Any CPU = Debug|Any CPU
		Release|Any CPU = Release|Any CPU
		Silverlight2|Any CPU = Silverlight2|Any CPU
	EndGlobalSection
	GlobalSection(ProjectConfigurationPlatforms) = postSolution
		{C908BDCE-D925-43F3-94AC-A531E6DF2591}.Debug|Any CPU.ActiveCfg = Debug|Any CPU
		{C908BDCE-D925-43F3-94AC-A531E6DF2591}.Debug|Any CPU.Build.0 = Debug|Any CPU
		{C908BDCE-D925-43F3-94AC-A531E6DF2591}.Release|Any CPU.ActiveCfg = Release|Any CPU
		{C908BDCE-D925-43F3-94AC-A531E6DF2591}.Release|Any CPU.Build.0 = Release|Any CPU
		{C908BDCE-D925-43F3-94AC-A531E6DF2591}.Silverlight2|Any CPU.ActiveCfg = Release|Any CPU
		{C908BDCE-D925-43F3-94AC-A531E6DF2591}.Silverlight2|Any CPU.Build.0 = Release|Any CPU
		{DD01ED24-3750-4567-9A23-EEB676A15610}.Debug|Any CPU.ActiveCfg = Debug|Any CPU
		{DD01ED24-3750-4567-9A23-EEB676A15610}.Debug|Any CPU.Build.0 = Debug|Any CPU
		{DD01ED24-3750-4567-9A23-EEB676A15610}.Release|Any CPU.ActiveCfg = Release|Any CPU
		{DD01ED24-3750-4567-9A23-EEB676A15610}.Release|Any CPU.Build.0 = Release|Any CPU
		{DD01ED24-3750-4567-9A23-EEB676A15610}.Silverlight2|Any CPU.ActiveCfg = Silverlight2|Any CPU
		{DD01ED24-3750-4567-9A23-EEB676A15610}.Silverlight2|Any CPU.Build.0 = Silverlight2|Any CPU
		{0DE53AE9-69F7-497B-BD6B-1855626F05DC}.Debug|Any CPU.ActiveCfg = Debug|Any CPU
		{0DE53AE9-69F7-497B-BD6B-1855626F05DC}.Debug|Any CPU.Build.0 = Debug|Any CPU
		{0DE53AE9-69F7-497B-BD6B-1855626F05DC}.Release|Any CPU.ActiveCfg = Release|Any CPU
		{0DE53AE9-69F7-497B-BD6B-1855626F05DC}.Release|Any CPU.Build.0 = Release|Any CPU
		{0DE53AE9-69F7-497B-BD6B-1855626F05DC}.Silverlight2|Any CPU.ActiveCfg = Release|Any CPU
		{0DE53AE9-69F7-497B-BD6B-1855626F05DC}.Silverlight2|Any CPU.Build.0 = Release|Any CPU
		{DEF8BDCE-D925-43F3-94AC-A531E6DF2591}.Debug|Any CPU.ActiveCfg = Debug|Any CPU
		{DEF8BDCE-D925-43F3-94AC-A531E6DF2591}.Debug|Any CPU.Build.0 = Debug|Any CPU
		{DEF8BDCE-D925-43F3-94AC-A531E6DF2591}.Release|Any CPU.ActiveCfg = Release|Any CPU
		{DEF8BDCE-D925-43F3-94AC-A531E6DF2591}.Release|Any CPU.Build.0 = Release|Any CPU
		{DEF8BDCE-D925-43F3-94AC-A531E6DF2591}.Silverlight2|Any CPU.ActiveCfg = Release|Any CPU
		{DEF8BDCE-D925-43F3-94AC-A531E6DF2591}.Silverlight2|Any CPU.Build.0 = Release|Any CPU
	EndGlobalSection
	GlobalSection(SolutionProperties) = preSolution
		HideSolutionNode = FALSE
	EndGlobalSection
EndGlobal
